
Microsoft Visual Studio Solution File, Format Version 12.00
Project("{FAE04EC0-301F-11D3-BF4B-00C04F79EFBC}") = "LAB0", "LAB0\LAB0.csproj", "{7220D4EA-E4E3-4BE0-BA24-DEACF5D75A2E}"
EndProject
Project("{FAE04EC0-301F-11D3-BF4B-00C04F79EFBC}") = "CLI", "CLI\CLI.csproj", "{C8DF8A4D-458D-4933-9D5D-520D85D67190}"
EndProject
Global
	GlobalSection(SolutionConfigurationPlatforms) = preSolution
		Debug|Any CPU = Debug|Any CPU
		Release|Any CPU = Release|Any CPU
	EndGlobalSection
	GlobalSection(ProjectConfigurationPlatforms) = postSolution
		{7220D4EA-E4E3-4BE0-BA24-DEACF5D75A2E}.Debug|Any CPU.ActiveCfg = Debug|Any CPU
		{7220D4EA-E4E3-4BE0-BA24-DEACF5D75A2E}.Debug|Any CPU.Build.0 = Debug|Any CPU
		{7220D4EA-E4E3-4BE0-BA24-DEACF5D75A2E}.Release|Any CPU.ActiveCfg = Release|Any CPU
		{7220D4EA-E4E3-4BE0-BA24-DEACF5D75A2E}.Release|Any CPU.Build.0 = Release|Any CPU
		{C8DF8A4D-458D-4933-9D5D-520D85D67190}.Debug|Any CPU.ActiveCfg = Debug|Any CPU
		{C8DF8A4D-458D-4933-9D5D-520D85D67190}.Debug|Any CPU.Build.0 = Debug|Any CPU
		{C8DF8A4D-458D-4933-9D5D-520D85D67190}.Release|Any CPU.ActiveCfg = Release|Any CPU
		{C8DF8A4D-458D-4933-9D5D-520D85D67190}.Release|Any CPU.Build.0 = Release|Any CPU
	EndGlobalSection
EndGlobal
