
Microsoft Visual Studio Solution File, Format Version 12.00
Project("{FAE04EC0-301F-11D3-BF4B-00C04F79EFBC}") = "Objects", "Objects\Objects.csproj", "{49CC088E-A35A-412B-A825-4EF1C5C8D0AA}"
EndProject
Project("{FAE04EC0-301F-11D3-BF4B-00C04F79EFBC}") = "Inventory", "Inventory\Inventory.csproj", "{6D1BD522-89D7-4596-AA9F-13F081C6BF50}"
EndProject
Project("{FAE04EC0-301F-11D3-BF4B-00C04F79EFBC}") = "Tests", "Tests\Tests.csproj", "{C9D5A8E8-84E3-4FAF-9211-E9999E2219D6}"
EndProject
Global
	GlobalSection(SolutionConfigurationPlatforms) = preSolution
		Debug|Any CPU = Debug|Any CPU
		Release|Any CPU = Release|Any CPU
	EndGlobalSection
	GlobalSection(ProjectConfigurationPlatforms) = postSolution
		{49CC088E-A35A-412B-A825-4EF1C5C8D0AA}.Debug|Any CPU.ActiveCfg = Debug|Any CPU
		{49CC088E-A35A-412B-A825-4EF1C5C8D0AA}.Debug|Any CPU.Build.0 = Debug|Any CPU
		{49CC088E-A35A-412B-A825-4EF1C5C8D0AA}.Release|Any CPU.ActiveCfg = Release|Any CPU
		{49CC088E-A35A-412B-A825-4EF1C5C8D0AA}.Release|Any CPU.Build.0 = Release|Any CPU
		{6D1BD522-89D7-4596-AA9F-13F081C6BF50}.Debug|Any CPU.ActiveCfg = Debug|Any CPU
		{6D1BD522-89D7-4596-AA9F-13F081C6BF50}.Debug|Any CPU.Build.0 = Debug|Any CPU
		{6D1BD522-89D7-4596-AA9F-13F081C6BF50}.Release|Any CPU.ActiveCfg = Release|Any CPU
		{6D1BD522-89D7-4596-AA9F-13F081C6BF50}.Release|Any CPU.Build.0 = Release|Any CPU
		{C9D5A8E8-84E3-4FAF-9211-E9999E2219D6}.Debug|Any CPU.ActiveCfg = Debug|Any CPU
		{C9D5A8E8-84E3-4FAF-9211-E9999E2219D6}.Debug|Any CPU.Build.0 = Debug|Any CPU
		{C9D5A8E8-84E3-4FAF-9211-E9999E2219D6}.Release|Any CPU.ActiveCfg = Release|Any CPU
		{C9D5A8E8-84E3-4FAF-9211-E9999E2219D6}.Release|Any CPU.Build.0 = Release|Any CPU
	EndGlobalSection
EndGlobal
