
Microsoft Visual Studio Solution File, Format Version 12.00
Project("{FAE04EC0-301F-11D3-BF4B-00C04F79EFBC}") = "University.ConsoleApp", "University.ConsoleApp\University.ConsoleApp.csproj", "{2CFCDA83-EF85-481B-824A-715EF0AF14F2}"
EndProject
Project("{FAE04EC0-301F-11D3-BF4B-00C04F79EFBC}") = "University.Core", "University.Core\University.Core.csproj", "{931E6564-A865-4460-9D88-A5FC5C31E0DD}"
EndProject
Project("{FAE04EC0-301F-11D3-BF4B-00C04F79EFBC}") = "University.Tests", "University.Tests\University.Tests.csproj", "{76135C5D-3470-463A-BAAC-5D6A194661B0}"
EndProject
Global
	GlobalSection(SolutionConfigurationPlatforms) = preSolution
		Debug|Any CPU = Debug|Any CPU
		Release|Any CPU = Release|Any CPU
	EndGlobalSection
	GlobalSection(ProjectConfigurationPlatforms) = postSolution
		{2CFCDA83-EF85-481B-824A-715EF0AF14F2}.Debug|Any CPU.ActiveCfg = Debug|Any CPU
		{2CFCDA83-EF85-481B-824A-715EF0AF14F2}.Debug|Any CPU.Build.0 = Debug|Any CPU
		{2CFCDA83-EF85-481B-824A-715EF0AF14F2}.Release|Any CPU.ActiveCfg = Release|Any CPU
		{2CFCDA83-EF85-481B-824A-715EF0AF14F2}.Release|Any CPU.Build.0 = Release|Any CPU
		{931E6564-A865-4460-9D88-A5FC5C31E0DD}.Debug|Any CPU.ActiveCfg = Debug|Any CPU
		{931E6564-A865-4460-9D88-A5FC5C31E0DD}.Debug|Any CPU.Build.0 = Debug|Any CPU
		{931E6564-A865-4460-9D88-A5FC5C31E0DD}.Release|Any CPU.ActiveCfg = Release|Any CPU
		{931E6564-A865-4460-9D88-A5FC5C31E0DD}.Release|Any CPU.Build.0 = Release|Any CPU
		{76135C5D-3470-463A-BAAC-5D6A194661B0}.Debug|Any CPU.ActiveCfg = Debug|Any CPU
		{76135C5D-3470-463A-BAAC-5D6A194661B0}.Debug|Any CPU.Build.0 = Debug|Any CPU
		{76135C5D-3470-463A-BAAC-5D6A194661B0}.Release|Any CPU.ActiveCfg = Release|Any CPU
		{76135C5D-3470-463A-BAAC-5D6A194661B0}.Release|Any CPU.Build.0 = Release|Any CPU
	EndGlobalSection
EndGlobal
